
Microsoft Visual Studio Solution File, Format Version 12.00
# Visual Studio 15
VisualStudioVersion = 15.0.28307.489
MinimumVisualStudioVersion = 10.0.40219.1
Project("{8BC9CEB8-8B4A-11D0-8D11-00A0C91BC942}") = "text_1", "text_1\text_1.vcxproj", "{2E54759E-28C0-48D3-9823-01E8F92DFD4E}"
EndProject
Global
	GlobalSection(SolutionConfigurationPlatforms) = preSolution
		Debug|x64 = Debug|x64
		Debug|x86 = Debug|x86
		Release|x64 = Release|x64
		Release|x86 = Release|x86
	EndGlobalSection
	GlobalSection(ProjectConfigurationPlatforms) = postSolution
		{2E54759E-28C0-48D3-9823-01E8F92DFD4E}.Debug|x64.ActiveCfg = Debug|x64
		{2E54759E-28C0-48D3-9823-01E8F92DFD4E}.Debug|x64.Build.0 = Debug|x64
		{2E54759E-28C0-48D3-9823-01E8F92DFD4E}.Debug|x86.ActiveCfg = Debug|Win32
		{2E54759E-28C0-48D3-9823-01E8F92DFD4E}.Debug|x86.Build.0 = Debug|Win32
		{2E54759E-28C0-48D3-9823-01E8F92DFD4E}.Release|x64.ActiveCfg = Release|x64
		{2E54759E-28C0-48D3-9823-01E8F92DFD4E}.Release|x64.Build.0 = Release|x64
		{2E54759E-28C0-48D3-9823-01E8F92DFD4E}.Release|x86.ActiveCfg = Release|Win32
		{2E54759E-28C0-48D3-9823-01E8F92DFD4E}.Release|x86.Build.0 = Release|Win32
	EndGlobalSection
	GlobalSection(SolutionProperties) = preSolution
		HideSolutionNode = FALSE
	EndGlobalSection
	GlobalSection(ExtensibilityGlobals) = postSolution
		SolutionGuid = {56AA46DF-593C-417E-918B-F246A5498011}
	EndGlobalSection
EndGlobal
