
Microsoft Visual Studio Solution File, Format Version 12.00
# Visual Studio 15
VisualStudioVersion = 15.0.28307.489
MinimumVisualStudioVersion = 10.0.40219.1
Project("{8BC9CEB8-8B4A-11D0-8D11-00A0C91BC942}") = "19_8_17_堆", "19_8_17_堆\19_8_17_堆.vcxproj", "{9AD81049-FD28-4EAB-AE22-06E30F0E674C}"
EndProject
Global
	GlobalSection(SolutionConfigurationPlatforms) = preSolution
		Debug|x64 = Debug|x64
		Debug|x86 = Debug|x86
		Release|x64 = Release|x64
		Release|x86 = Release|x86
	EndGlobalSection
	GlobalSection(ProjectConfigurationPlatforms) = postSolution
		{9AD81049-FD28-4EAB-AE22-06E30F0E674C}.Debug|x64.ActiveCfg = Debug|x64
		{9AD81049-FD28-4EAB-AE22-06E30F0E674C}.Debug|x64.Build.0 = Debug|x64
		{9AD81049-FD28-4EAB-AE22-06E30F0E674C}.Debug|x86.ActiveCfg = Debug|Win32
		{9AD81049-FD28-4EAB-AE22-06E30F0E674C}.Debug|x86.Build.0 = Debug|Win32
		{9AD81049-FD28-4EAB-AE22-06E30F0E674C}.Release|x64.ActiveCfg = Release|x64
		{9AD81049-FD28-4EAB-AE22-06E30F0E674C}.Release|x64.Build.0 = Release|x64
		{9AD81049-FD28-4EAB-AE22-06E30F0E674C}.Release|x86.ActiveCfg = Release|Win32
		{9AD81049-FD28-4EAB-AE22-06E30F0E674C}.Release|x86.Build.0 = Release|Win32
	EndGlobalSection
	GlobalSection(SolutionProperties) = preSolution
		HideSolutionNode = FALSE
	EndGlobalSection
	GlobalSection(ExtensibilityGlobals) = postSolution
		SolutionGuid = {10D9715F-72E0-49F3-B2C3-40C60A6DEB1F}
	EndGlobalSection
EndGlobal
