
Microsoft Visual Studio Solution File, Format Version 12.00
# Visual Studio 15
VisualStudioVersion = 15.0.28307.489
MinimumVisualStudioVersion = 10.0.40219.1
Project("{8BC9CEB8-8B4A-11D0-8D11-00A0C91BC942}") = "19_8_22_排序", "19_8_22_排序\19_8_22_排序.vcxproj", "{BA60FDC5-5199-4272-9D30-151DF063CB47}"
EndProject
Global
	GlobalSection(SolutionConfigurationPlatforms) = preSolution
		Debug|x64 = Debug|x64
		Debug|x86 = Debug|x86
		Release|x64 = Release|x64
		Release|x86 = Release|x86
	EndGlobalSection
	GlobalSection(ProjectConfigurationPlatforms) = postSolution
		{BA60FDC5-5199-4272-9D30-151DF063CB47}.Debug|x64.ActiveCfg = Debug|x64
		{BA60FDC5-5199-4272-9D30-151DF063CB47}.Debug|x64.Build.0 = Debug|x64
		{BA60FDC5-5199-4272-9D30-151DF063CB47}.Debug|x86.ActiveCfg = Debug|Win32
		{BA60FDC5-5199-4272-9D30-151DF063CB47}.Debug|x86.Build.0 = Debug|Win32
		{BA60FDC5-5199-4272-9D30-151DF063CB47}.Release|x64.ActiveCfg = Release|x64
		{BA60FDC5-5199-4272-9D30-151DF063CB47}.Release|x64.Build.0 = Release|x64
		{BA60FDC5-5199-4272-9D30-151DF063CB47}.Release|x86.ActiveCfg = Release|Win32
		{BA60FDC5-5199-4272-9D30-151DF063CB47}.Release|x86.Build.0 = Release|Win32
	EndGlobalSection
	GlobalSection(SolutionProperties) = preSolution
		HideSolutionNode = FALSE
	EndGlobalSection
	GlobalSection(ExtensibilityGlobals) = postSolution
		SolutionGuid = {2C7C6CE9-23A2-4627-AB84-E6E19ED53613}
	EndGlobalSection
EndGlobal
